PODS:
  - Alamofire (4.5.1)
  - Kanna (2.2.1)
  - Kingfisher (4.2.0)
  - Realm (3.0.2):
    - Realm/Headers (= 3.0.2)
  - Realm/Headers (3.0.2)
  - RealmSwift (3.0.2):
    - Realm (= 3.0.2)
  - SwiftyJSON (4.0.0)

DEPENDENCIES:
  - Alamofire
  - Kanna
  - Kingfisher
  - RealmSwift
  - SwiftyJSON

SPEC CHECKSUMS:
  Alamofire: 2d95912bf4c34f164fdfc335872e8c312acaea4a
  Kanna: 182789ab065e8f9a6ccc2a74ce6283d3401c0c4a
  Kingfisher: 9ee7e788d8ba07c3f21ce0d43f33cec310a4f781
  Realm: 6f23fd1f178a09342eac21bfa7c2bf4312a7a180
  RealmSwift: 695393add1b8f9d5fa75dd16e6355cf3935f71e2
  SwiftyJSON: 070dabdcb1beb81b247c65ffa3a79dbbfb3b48aa

PODFILE CHECKSUM: 9891fda94d8beaa1cb8c74130576addc116158df

COCOAPODS: 1.2.1
